
Microsoft Visual Studio Solution File, Format Version 12.00
# Visual Studio Version 16
VisualStudioVersion = 16.0.31729.503
MinimumVisualStudioVersion = 10.0.40219.1
Project("{FAE04EC0-301F-11D3-BF4B-00C04F79EFBC}") = "Sixteen", "Sixteen\Sixteen.csproj", "{D1044142-810F-4844-82F3-E47DEEAD5696}"
EndProject
Global
	GlobalSection(SolutionConfigurationPlatforms) = preSolution
		Debug|Any CPU = Debug|Any CPU
		Release|Any CPU = Release|Any CPU
	EndGlobalSection
	GlobalSection(ProjectConfigurationPlatforms) = postSolution
		{D1044142-810F-4844-82F3-E47DEEAD5696}.Debug|Any CPU.ActiveCfg = Debug|Any CPU
		{D1044142-810F-4844-82F3-E47DEEAD5696}.Debug|Any CPU.Build.0 = Debug|Any CPU
		{D1044142-810F-4844-82F3-E47DEEAD5696}.Release|Any CPU.ActiveCfg = Release|Any CPU
		{D1044142-810F-4844-82F3-E47DEEAD5696}.Release|Any CPU.Build.0 = Release|Any CPU
	EndGlobalSection
	GlobalSection(SolutionProperties) = preSolution
		HideSolutionNode = FALSE
	EndGlobalSection
	GlobalSection(ExtensibilityGlobals) = postSolution
		SolutionGuid = {EFED1FCF-04F2-415E-B4B3-2B011E5B7945}
	EndGlobalSection
EndGlobal
